dependencies:
- name: postgresql
  repository: https://charts.bitnami.com/bitnami
  version: 13.4.4
- name: rabbitmq
  repository: https://charts.bitnami.com/bitnami
  version: 12.6.1
- name: elasticsearch
  repository: https://charts.bitnami.com/bitnami
  version: 19.13.9
digest: sha256:cfe30ab3d61e564ae7daf349f58db1430b21bf5146e477f98b34ee0cc49a583a
generated: "2026-03-24T18:22:58.274863-04:00"
